#MicroXplorer Configuration settings - do not modify
FREERTOS.FootprintOK=true
FREERTOS.IPParameters=Tasks01,FootprintOK
FREERTOS.Tasks01=Task01,0,128,Task01_init,Default,NULL,Dynamic,NULL,NULL;Task02,0,128,Task02_init,Default,NULL,Dynamic,NULL,NULL
File.Version=6
KeepUserPlacement=false
Mcu.Family=STM32L4
Mcu.IP0=FREERTOS
Mcu.IP1=LCD
Mcu.IP2=NVIC
Mcu.IP3=RCC
Mcu.IP4=SYS
Mcu.IPNb=5
Mcu.Name=STM32L476V(C-E-G)Tx
Mcu.Package=LQFP100
Mcu.Pin0=PH0-OSC_IN (PH0)
Mcu.Pin1=PH1-OSC_OUT (PH1)
Mcu.Pin10=PA6
Mcu.Pin11=PA7
Mcu.Pin12=PC4
Mcu.Pin13=PC5
Mcu.Pin14=PB0
Mcu.Pin15=PB1
Mcu.Pin16=PB10
Mcu.Pin17=PB11
Mcu.Pin18=PB12
Mcu.Pin19=PB13
Mcu.Pin2=PC0
Mcu.Pin20=PB14
Mcu.Pin21=PB15
Mcu.Pin22=PA8
Mcu.Pin23=PA9
Mcu.Pin24=PA10
Mcu.Pin25=PA15 (JTDI)
Mcu.Pin26=PB3 (JTDO-TRACESWO)
Mcu.Pin27=PB4 (NJTRST)
Mcu.Pin28=PB5
Mcu.Pin29=PB7
Mcu.Pin3=PC1
Mcu.Pin30=PB8
Mcu.Pin31=PB9
Mcu.Pin32=VP_FREERTOS_VS_CMSIS_V1
Mcu.Pin33=VP_SYS_VS_tim1
Mcu.Pin4=PC2
Mcu.Pin5=PC3
Mcu.Pin6=PA0
Mcu.Pin7=PA1
Mcu.Pin8=PA2
Mcu.Pin9=PA3
Mcu.PinsNb=34
Mcu.ThirdPartyNb=0
Mcu.UserConstants=
Mcu.UserName=STM32L476VGTx
MxCube.Version=6.1.1
MxDb.Version=DB.6.0.10
NVIC.BusFault_IRQn=true\:0\:0\:false\:false\:true\:false\:true\:false
NVIC.DebugMonitor_IRQn=true\:0\:0\:false\:false\:true\:false\:true\:false
NVIC.ForceEnableDMAVector=true
NVIC.HardFault_IRQn=true\:0\:0\:false\:false\:true\:false\:true\:false
NVIC.MemoryManagement_IRQn=true\:0\:0\:false\:false\:true\:false\:true\:false
NVIC.NonMaskableInt_IRQn=true\:0\:0\:false\:false\:true\:false\:true\:false
NVIC.PendSV_IRQn=true\:15\:0\:false\:false\:false\:true\:true\:false
NVIC.PriorityGroup=NVIC_PRIORITYGROUP_4
NVIC.SVCall_IRQn=true\:0\:0\:false\:false\:false\:false\:true\:false
NVIC.SavedPendsvIrqHandlerGenerated=true
NVIC.SavedSvcallIrqHandlerGenerated=true
NVIC.SavedSystickIrqHandlerGenerated=true
NVIC.SysTick_IRQn=true\:15\:0\:false\:false\:false\:true\:true\:true
NVIC.TIM1_UP_TIM16_IRQn=true\:0\:0\:false\:false\:true\:false\:false\:true
NVIC.TimeBase=TIM1_UP_TIM16_IRQn
NVIC.TimeBaseIP=TIM1
NVIC.UsageFault_IRQn=true\:0\:0\:false\:false\:true\:false\:true\:false
PA0.Locked=true
PA0.Signal=GPIO_Input
PA1.Mode=SEG0
PA1.Signal=LCD_SEG0
PA10.Mode=1/4 Duty Cycle
PA10.Signal=LCD_COM2
PA15\ (JTDI).Mode=SEG17
PA15\ (JTDI).Signal=LCD_SEG17
PA2.Mode=SEG1
PA2.Signal=LCD_SEG1
PA3.Mode=SEG2
PA3.Signal=LCD_SEG2
PA6.Mode=SEG3
PA6.Signal=LCD_SEG3
PA7.Mode=SEG4
PA7.Signal=LCD_SEG4
PA8.Mode=1/4 Duty Cycle
PA8.Signal=LCD_COM0
PA9.Mode=1/4 Duty Cycle
PA9.Signal=LCD_COM1
PB0.Mode=SEG5
PB0.Signal=LCD_SEG5
PB1.Mode=SEG6
PB1.Signal=LCD_SEG6
PB10.Mode=SEG10
PB10.Signal=LCD_SEG10
PB11.Mode=SEG11
PB11.Signal=LCD_SEG11
PB12.Mode=SEG12
PB12.Signal=LCD_SEG12
PB13.Mode=SEG13
PB13.Signal=LCD_SEG13
PB14.Mode=SEG14
PB14.Signal=LCD_SEG14
PB15.Mode=SEG15
PB15.Signal=LCD_SEG15
PB3\ (JTDO-TRACESWO).Mode=SEG7
PB3\ (JTDO-TRACESWO).Signal=LCD_SEG7
PB4\ (NJTRST).Mode=SEG8
PB4\ (NJTRST).Signal=LCD_SEG8
PB5.Mode=SEG9
PB5.Signal=LCD_SEG9
PB7.Mode=SEG21
PB7.Signal=LCD_SEG21
PB8.Mode=SEG16
PB8.Signal=LCD_SEG16
PB9.Mode=1/4 Duty Cycle
PB9.Signal=LCD_COM3
PC0.Mode=SEG18
PC0.Signal=LCD_SEG18
PC1.Mode=SEG19
PC1.Signal=LCD_SEG19
PC2.Mode=SEG20
PC2.Signal=LCD_SEG20
PC3.Mode=1/4 Duty Cycle
PC3.Signal=LCD_VLCD
PC4.Mode=SEG22
PC4.Signal=LCD_SEG22
PC5.Mode=SEG23
PC5.Signal=LCD_SEG23
PH0-OSC_IN\ (PH0).Mode=HSE-External-Oscillator
PH0-OSC_IN\ (PH0).Signal=RCC_OSC_IN
PH1-OSC_OUT\ (PH1).Mode=HSE-External-Oscillator
PH1-OSC_OUT\ (PH1).Signal=RCC_OSC_OUT
PinOutPanel.RotationAngle=0
ProjectManager.AskForMigrate=true
ProjectManager.BackupPrevious=true
ProjectManager.CompilerOptimize=6
ProjectManager.ComputerToolchain=false
ProjectManager.CoupleFile=false
ProjectManager.CustomerFirmwarePackage=
ProjectManager.DefaultFWLocation=true
ProjectManager.DeletePrevious=false
ProjectManager.DeviceId=STM32L476VGTx
ProjectManager.FirmwarePackage=STM32Cube FW_L4 V1.16.0
ProjectManager.FreePins=false
ProjectManager.HalAssertFull=false
ProjectManager.HeapSize=0x200
ProjectManager.KeepUserCode=true
ProjectManager.LastFirmware=true
ProjectManager.LibraryCopy=1
ProjectManager.MainLocation=Core/Src
ProjectManager.NoMain=false
ProjectManager.PreviousToolchain=
ProjectManager.ProjectBuild=false
ProjectManager.ProjectFileName=INOCHI_TASK01.ioc
ProjectManager.ProjectName=INOCHI_TASK01
ProjectManager.RegisterCallBack=
ProjectManager.StackSize=0x400
ProjectManager.TargetToolchain=STM32CubeIDE
ProjectManager.ToolChainLocation=
ProjectManager.UnderRoot=true
ProjectManager.functionlistsort=1-MX_GPIO_Init-GPIO-false-HAL-true,2-SystemClock_Config-RCC-false-HAL-false,3-MX_LCD_Init-LCD-false-HAL-true
RCC.ADCFreq_Value=48000000
RCC.AHBFreq_Value=4000000
RCC.APB1Freq_Value=4000000
RCC.APB1TimFreq_Value=4000000
RCC.APB2Freq_Value=4000000
RCC.APB2TimFreq_Value=4000000
RCC.CortexFreq_Value=4000000
RCC.DFSDMFreq_Value=4000000
RCC.FCLKCortexFreq_Value=4000000
RCC.FamilyName=M
RCC.HCLKFreq_Value=4000000
RCC.HSE_VALUE=8000000
RCC.HSI_VALUE=16000000
RCC.I2C1Freq_Value=4000000
RCC.I2C2Freq_Value=4000000
RCC.I2C3Freq_Value=4000000
RCC.IPParameters=ADCFreq_Value,AHBFreq_Value,APB1Freq_Value,APB1TimFreq_Value,APB2Freq_Value,APB2TimFreq_Value,CortexFreq_Value,DFSDMFreq_Value,FCLKCortexFreq_Value,FamilyName,HCLKFreq_Value,HSE_VALUE,HSI_VALUE,I2C1Freq_Value,I2C2Freq_Value,I2C3Freq_Value,LPTIM1Freq_Value,LPTIM2Freq_Value,LPUART1Freq_Value,LSCOPinFreq_Value,LSE_VALUE,LSI_VALUE,MCO1PinFreq_Value,MSI_VALUE,PLLN,PLLPoutputFreq_Value,PLLQoutputFreq_Value,PLLRCLKFreq_Value,PLLSAI1N,PLLSAI1PoutputFreq_Value,PLLSAI1QoutputFreq_Value,PLLSAI1RoutputFreq_Value,PLLSAI2PoutputFreq_Value,PLLSAI2RoutputFreq_Value,PREFETCH_ENABLE,PWRFreq_Value,RNGFreq_Value,SAI1Freq_Value,SAI2Freq_Value,SDMMCFreq_Value,SWPMI1Freq_Value,SYSCLKFreq_VALUE,UART4Freq_Value,UART5Freq_Value,USART1Freq_Value,USART2Freq_Value,USART3Freq_Value,USBFreq_Value,VCOInputFreq_Value,VCOOutputFreq_Value,VCOSAI1OutputFreq_Value,VCOSAI2OutputFreq_Value
RCC.LPTIM1Freq_Value=4000000
RCC.LPTIM2Freq_Value=4000000
RCC.LPUART1Freq_Value=4000000
RCC.LSCOPinFreq_Value=32000
RCC.LSE_VALUE=32768
RCC.LSI_VALUE=32000
RCC.MCO1PinFreq_Value=4000000
RCC.MSI_VALUE=4000000
RCC.PLLN=20
RCC.PLLPoutputFreq_Value=11428571.42857143
RCC.PLLQoutputFreq_Value=40000000
RCC.PLLRCLKFreq_Value=40000000
RCC.PLLSAI1N=24
RCC.PLLSAI1PoutputFreq_Value=13714285.714285715
RCC.PLLSAI1QoutputFreq_Value=48000000
RCC.PLLSAI1RoutputFreq_Value=48000000
RCC.PLLSAI2PoutputFreq_Value=4571428.571428572
RCC.PLLSAI2RoutputFreq_Value=16000000
RCC.PREFETCH_ENABLE=1
RCC.PWRFreq_Value=4000000
RCC.RNGFreq_Value=48000000
RCC.SAI1Freq_Value=13714285.714285715
RCC.SAI2Freq_Value=13714285.714285715
RCC.SDMMCFreq_Value=48000000
RCC.SWPMI1Freq_Value=4000000
RCC.SYSCLKFreq_VALUE=4000000
RCC.UART4Freq_Value=4000000
RCC.UART5Freq_Value=4000000
RCC.USART1Freq_Value=4000000
RCC.USART2Freq_Value=4000000
RCC.USART3Freq_Value=4000000
RCC.USBFreq_Value=48000000
RCC.VCOInputFreq_Value=4000000
RCC.VCOOutputFreq_Value=80000000
RCC.VCOSAI1OutputFreq_Value=96000000
RCC.VCOSAI2OutputFreq_Value=32000000
VP_FREERTOS_VS_CMSIS_V1.Mode=CMSIS_V1
VP_FREERTOS_VS_CMSIS_V1.Signal=FREERTOS_VS_CMSIS_V1
VP_SYS_VS_tim1.Mode=TIM1
VP_SYS_VS_tim1.Signal=SYS_VS_tim1
board=STM32L476G-DISCO
boardIOC=true
isbadioc=false
